// !$*UTF8*$!
{
	archiveVersion = 1;
	classes = {
	};
	objectVersion = 48;
	objects = {

/* Begin PBXBuildFile section */
		505C66AF91AD60026488320A /* Pods_WeddingParty.framework in Frameworks */ = {isa = PBXBuildFile; fileRef = 93C5037F703D2850A6A12DE1 /* Pods_WeddingParty.framework */; };
		630CC87D824FCFF5C8AFF955 /* Pods_WeddingPartyTests.framework in Frameworks */ = {isa = PBXBuildFile; fileRef = 91124482545F6396860AFD90 /* Pods_WeddingPartyTests.framework */; };
		96F9FB352040775300F12C27 /* AppDelegate.swift in Sources */ = {isa = PBXBuildFile; fileRef = 96F9FB342040775300F12C27 /* AppDelegate.swift */; };
		96F9FB3A2040775300F12C27 /* Main.storyboard in Resources */ = {isa = PBXBuildFile; fileRef = 96F9FB382040775300F12C27 /* Main.storyboard */; };
		96F9FB3D2040775300F12C27 /* WeddingParty.xcdatamodeld in Sources */ = {isa = PBXBuildFile; fileRef = 96F9FB3B2040775300F12C27 /* WeddingParty.xcdatamodeld */; };
		96F9FB3F2040775300F12C27 /* Assets.xcassets in Resources */ = {isa = PBXBuildFile; fileRef = 96F9FB3E2040775300F12C27 /* Assets.xcassets */; };
		96F9FB422040775300F12C27 /* LaunchScreen.storyboard in Resources */ = {isa = PBXBuildFile; fileRef = 96F9FB402040775300F12C27 /* LaunchScreen.storyboard */; };
		96F9FB4D2040775300F12C27 /* WeddingPartyTests.swift in Sources */ = {isa = PBXBuildFile; fileRef = 96F9FB4C2040775300F12C27 /* WeddingPartyTests.swift */; };
		96F9FB5820407F4200F12C27 /* GoogleService-Info.plist in Resources */ = {isa = PBXBuildFile; fileRef = 96F9FB5720407F4200F12C27 /* GoogleService-Info.plist */; };
		96F9FB5A204085B200F12C27 /* InitialViewController.swift in Sources */ = {isa = PBXBuildFile; fileRef = 96F9FB59204085B200F12C27 /* InitialViewController.swift */; };
		96F9FB5D204086DB00F12C27 /* MenuViewController.swift in Sources */ = {isa = PBXBuildFile; fileRef = 96F9FB5C204086DB00F12C27 /* MenuViewController.swift */; };
		96F9FB5F20408C5B00F12C27 /* LoginViewController.swift in Sources */ = {isa = PBXBuildFile; fileRef = 96F9FB5E20408C5B00F12C27 /* LoginViewController.swift */; };
		96F9FB612040913900F12C27 /* RoundedWhiteButton.swift in Sources */ = {isa = PBXBuildFile; fileRef = 96F9FB602040913900F12C27 /* RoundedWhiteButton.swift */; };
/* End PBXBuildFile section */

/* Begin PBXContainerItemProxy section */
		96F9FB492040775300F12C27 /* PBXContainerItemProxy */ = {
			isa = PBXContainerItemProxy;
			containerPortal = 96F9FB292040775300F12C27 /* Project object */;
			proxyType = 1;
			remoteGlobalIDString = 96F9FB302040775300F12C27;
			remoteInfo = WeddingParty;
		};
/* End PBXContainerItemProxy section */

/* Begin PBXFileReference section */
		674090CF15815E3AAD288A6E /* Pods-WeddingPartyTests.release.xcconfig */ = {isa = PBXFileReference; includeInIndex = 1; lastKnownFileType = text.xcconfig; name = "Pods-WeddingPartyTests.release.xcconfig"; path = "Pods/Target Support Files/Pods-WeddingPartyTests/Pods-WeddingPartyTests.release.xcconfig"; sourceTree = "<group>"; };
		704718C4FCD59FA7A467D724 /* Pods-WeddingParty.debug.xcconfig */ = {isa = PBXFileReference; includeInIndex = 1; lastKnownFileType = text.xcconfig; name = "Pods-WeddingParty.debug.xcconfig"; path = "Pods/Target Support Files/Pods-WeddingParty/Pods-WeddingParty.debug.xcconfig"; sourceTree = "<group>"; };
		75839940F4F46BC41314DB31 /* Pods-WeddingPartyTests.debug.xcconfig */ = {isa = PBXFileReference; includeInIndex = 1; lastKnownFileType = text.xcconfig; name = "Pods-WeddingPartyTests.debug.xcconfig"; path = "Pods/Target Support Files/Pods-WeddingPartyTests/Pods-WeddingPartyTests.debug.xcconfig"; sourceTree = "<group>"; };
		91124482545F6396860AFD90 /* Pods_WeddingPartyTests.framework */ = {isa = PBXFileReference; explicitFileType = wrapper.framework; includeInIndex = 0; path = Pods_WeddingPartyTests.framework; sourceTree = BUILT_PRODUCTS_DIR; };
		93C5037F703D2850A6A12DE1 /* Pods_WeddingParty.framework */ = {isa = PBXFileReference; explicitFileType = wrapper.framework; includeInIndex = 0; path = Pods_WeddingParty.framework; sourceTree = BUILT_PRODUCTS_DIR; };
		96F9FB312040775300F12C27 /* WeddingParty.app */ = {isa = PBXFileReference; explicitFileType = wrapper.application; includeInIndex = 0; path = WeddingParty.app; sourceTree = BUILT_PRODUCTS_DIR; };
		96F9FB342040775300F12C27 /* AppDelegate.swift */ = {isa = PBXFileReference; lastKnownFileType = sourcecode.swift; path = AppDelegate.swift; sourceTree = "<group>"; };
		96F9FB392040775300F12C27 /* Base */ = {isa = PBXFileReference; lastKnownFileType = file.storyboard; name = Base; path = Base.lproj/Main.storyboard; sourceTree = "<group>"; };
		96F9FB3C2040775300F12C27 /* WeddingParty.xcdatamodel */ = {isa = PBXFileReference; lastKnownFileType = wrapper.xcdatamodel; path = WeddingParty.xcdatamodel; sourceTree = "<group>"; };
		96F9FB3E2040775300F12C27 /* Assets.xcassets */ = {isa = PBXFileReference; lastKnownFileType = folder.assetcatalog; path = Assets.xcassets; sourceTree = "<group>"; };
		96F9FB412040775300F12C27 /* Base */ = {isa = PBXFileReference; lastKnownFileType = file.storyboard; name = Base; path = Base.lproj/LaunchScreen.storyboard; sourceTree = "<group>"; };
		96F9FB432040775300F12C27 /* Info.plist */ = {isa = PBXFileReference; lastKnownFileType = text.plist.xml; path = Info.plist; sourceTree = "<group>"; };
		96F9FB482040775300F12C27 /* WeddingPartyTests.xctest */ = {isa = PBXFileReference; explicitFileType = wrapper.cfbundle; includeInIndex = 0; path = WeddingPartyTests.xctest; sourceTree = BUILT_PRODUCTS_DIR; };
		96F9FB4C2040775300F12C27 /* WeddingPartyTests.swift */ = {isa = PBXFileReference; lastKnownFileType = sourcecode.swift; path = WeddingPartyTests.swift; sourceTree = "<group>"; };
		96F9FB4E2040775300F12C27 /* Info.plist */ = {isa = PBXFileReference; lastKnownFileType = text.plist.xml; path = Info.plist; sourceTree = "<group>"; };
		96F9FB5720407F4200F12C27 /* GoogleService-Info.plist */ = {isa = PBXFileReference; fileEncoding = 4; lastKnownFileType = text.plist.xml; path = "GoogleService-Info.plist"; sourceTree = "<group>"; };
		96F9FB59204085B200F12C27 /* InitialViewController.swift */ = {isa = PBXFileReference; lastKnownFileType = sourcecode.swift; path = InitialViewController.swift; sourceTree = "<group>"; };
		96F9FB5C204086DB00F12C27 /* MenuViewController.swift */ = {isa = PBXFileReference; lastKnownFileType = sourcecode.swift; path = MenuViewController.swift; sourceTree = "<group>"; };
		96F9FB5E20408C5B00F12C27 /* LoginViewController.swift */ = {isa = PBXFileReference; lastKnownFileType = sourcecode.swift; path = LoginViewController.swift; sourceTree = "<group>"; };
		96F9FB602040913900F12C27 /* RoundedWhiteButton.swift */ = {isa = PBXFileReference; lastKnownFileType = sourcecode.swift; path = RoundedWhiteButton.swift; sourceTree = "<group>"; };
		A87FBAFB4636B17A30F4E856 /* Pods-WeddingParty.release.xcconfig */ = {isa = PBXFileReference; includeInIndex = 1; lastKnownFileType = text.xcconfig; name = "Pods-WeddingParty.release.xcconfig"; path = "Pods/Target Support Files/Pods-WeddingParty/Pods-WeddingParty.release.xcconfig"; sourceTree = "<group>"; };
/* End PBXFileReference section */

/* Begin PBXFrameworksBuildPhase section */
		96F9FB2E2040775300F12C27 /* Frameworks */ = {
			isa = PBXFrameworksBuildPhase;
			buildActionMask = 2147483647;
			files = (
				505C66AF91AD60026488320A /* Pods_WeddingParty.framework in Frameworks */,
			);
			runOnlyForDeploymentPostprocessing = 0;
		};
		96F9FB452040775300F12C27 /* Frameworks */ = {
			isa = PBXFrameworksBuildPhase;
			buildActionMask = 2147483647;
			files = (
				630CC87D824FCFF5C8AFF955 /* Pods_WeddingPartyTests.framework in Frameworks */,
			);
			runOnlyForDeploymentPostprocessing = 0;
		};
/* End PBXFrameworksBuildPhase section */

/* Begin PBXGroup section */
		13CBFDFA9160EE8F4BF949AF /* Frameworks */ = {
			isa = PBXGroup;
			children = (
				93C5037F703D2850A6A12DE1 /* Pods_WeddingParty.framework */,
				91124482545F6396860AFD90 /* Pods_WeddingPartyTests.framework */,
			);
			name = Frameworks;
			sourceTree = "<group>";
		};
		2929C8D1490584DA1819E9B8 /* Pods */ = {
			isa = PBXGroup;
			children = (
				704718C4FCD59FA7A467D724 /* Pods-WeddingParty.debug.xcconfig */,
				A87FBAFB4636B17A30F4E856 /* Pods-WeddingParty.release.xcconfig */,
				75839940F4F46BC41314DB31 /* Pods-WeddingPartyTests.debug.xcconfig */,
				674090CF15815E3AAD288A6E /* Pods-WeddingPartyTests.release.xcconfig */,
			);
			name = Pods;
			sourceTree = "<group>";
		};
		96F9FB282040775300F12C27 = {
			isa = PBXGroup;
			children = (
				96F9FB332040775300F12C27 /* WeddingParty */,
				96F9FB4B2040775300F12C27 /* WeddingPartyTests */,
				96F9FB322040775300F12C27 /* Products */,
				2929C8D1490584DA1819E9B8 /* Pods */,
				13CBFDFA9160EE8F4BF949AF /* Frameworks */,
			);
			sourceTree = "<group>";
		};
		96F9FB322040775300F12C27 /* Products */ = {
			isa = PBXGroup;
			children = (
				96F9FB312040775300F12C27 /* WeddingParty.app */,
				96F9FB482040775300F12C27 /* WeddingPartyTests.xctest */,
			);
			name = Products;
			sourceTree = "<group>";
		};
		96F9FB332040775300F12C27 /* WeddingParty */ = {
			isa = PBXGroup;
			children = (
				96F9FB5B204086A100F12C27 /* Controllers */,
				96F9FB342040775300F12C27 /* AppDelegate.swift */,
				96F9FB382040775300F12C27 /* Main.storyboard */,
				96F9FB3E2040775300F12C27 /* Assets.xcassets */,
				96F9FB402040775300F12C27 /* LaunchScreen.storyboard */,
				96F9FB432040775300F12C27 /* Info.plist */,
				96F9FB5720407F4200F12C27 /* GoogleService-Info.plist */,
				96F9FB3B2040775300F12C27 /* WeddingParty.xcdatamodeld */,
				96F9FB602040913900F12C27 /* RoundedWhiteButton.swift */,
			);
			path = WeddingParty;
			sourceTree = "<group>";
		};
		96F9FB4B2040775300F12C27 /* WeddingPartyTests */ = {
			isa = PBXGroup;
			children = (
				96F9FB4C2040775300F12C27 /* WeddingPartyTests.swift */,
				96F9FB4E2040775300F12C27 /* Info.plist */,
			);
			path = WeddingPartyTests;
			sourceTree = "<group>";
		};
		96F9FB5B204086A100F12C27 /* Controllers */ = {
			isa = PBXGroup;
			children = (
				96F9FB59204085B200F12C27 /* InitialViewController.swift */,
				96F9FB5C204086DB00F12C27 /* MenuViewController.swift */,
				96F9FB5E20408C5B00F12C27 /* LoginViewController.swift */,
			);
			path = Controllers;
			sourceTree = "<group>";
		};
/* End PBXGroup section */

/* Begin PBXNativeTarget section */
		96F9FB302040775300F12C27 /* WeddingParty */ = {
			isa = PBXNativeTarget;
			buildConfigurationList = 96F9FB512040775300F12C27 /* Build configuration list for PBXNativeTarget "WeddingParty" */;
			buildPhases = (
				4DA7A05385EBDAA2D86A7545 /* [CP] Check Pods Manifest.lock */,
				96F9FB2D2040775300F12C27 /* Sources */,
				96F9FB2E2040775300F12C27 /* Frameworks */,
				96F9FB2F2040775300F12C27 /* Resources */,
				CF1DC45DA7056F17D49D6311 /* [CP] Embed Pods Frameworks */,
				91D0DE71564AB787CF6173F3 /* [CP] Copy Pods Resources */,
			);
			buildRules = (
			);
			dependencies = (
			);
			name = WeddingParty;
			productName = WeddingParty;
			productReference = 96F9FB312040775300F12C27 /* WeddingParty.app */;
			productType = "com.apple.product-type.application";
		};
		96F9FB472040775300F12C27 /* WeddingPartyTests */ = {
			isa = PBXNativeTarget;
			buildConfigurationList = 96F9FB542040775300F12C27 /* Build configuration list for PBXNativeTarget "WeddingPartyTests" */;
			buildPhases = (
				C3E13FDFE47A08BCBC8E8D10 /* [CP] Check Pods Manifest.lock */,
				96F9FB442040775300F12C27 /* Sources */,
				96F9FB452040775300F12C27 /* Frameworks */,
				96F9FB462040775300F12C27 /* Resources */,
				857BECA54C7455A572BDD77A /* [CP] Embed Pods Frameworks */,
				14BFE1FFB94DA8AA047BC1D2 /* [CP] Copy Pods Resources */,
			);
			buildRules = (
			);
			dependencies = (
				96F9FB4A2040775300F12C27 /* PBXTargetDependency */,
			);
			name = WeddingPartyTests;
			productName = WeddingPartyTests;
			productReference = 96F9FB482040775300F12C27 /* WeddingPartyTests.xctest */;
			productType = "com.apple.product-type.bundle.unit-test";
		};
/* End PBXNativeTarget section */

/* Begin PBXProject section */
		96F9FB292040775300F12C27 /* Project object */ = {
			isa = PBXProject;
			attributes = {
				LastSwiftUpdateCheck = 0920;
				LastUpgradeCheck = 0920;
				ORGANIZATIONNAME = "Lauren Nicole Roth";
				TargetAttributes = {
					96F9FB302040775300F12C27 = {
						CreatedOnToolsVersion = 9.2;
						ProvisioningStyle = Automatic;
					};
					96F9FB472040775300F12C27 = {
						CreatedOnToolsVersion = 9.2;
						ProvisioningStyle = Automatic;
						TestTargetID = 96F9FB302040775300F12C27;
					};
				};
			};
			buildConfigurationList = 96F9FB2C2040775300F12C27 /* Build configuration list for PBXProject "WeddingParty" */;
			compatibilityVersion = "Xcode 8.0";
			developmentRegion = en;
			hasScannedForEncodings = 0;
			knownRegions = (
				en,
				Base,
			);
			mainGroup = 96F9FB282040775300F12C27;
			productRefGroup = 96F9FB322040775300F12C27 /* Products */;
			projectDirPath = "";
			projectRoot = "";
			targets = (
				96F9FB302040775300F12C27 /* WeddingParty */,
				96F9FB472040775300F12C27 /* WeddingPartyTests */,
			);
		};
/* End PBXProject section */

/* Begin PBXResourcesBuildPhase section */
		96F9FB2F2040775300F12C27 /* Resources */ = {
			isa = PBXResourcesBuildPhase;
			buildActionMask = 2147483647;
			files = (
				96F9FB422040775300F12C27 /* LaunchScreen.storyboard in Resources */,
				96F9FB5820407F4200F12C27 /* GoogleService-Info.plist in Resources */,
				96F9FB3F2040775300F12C27 /* Assets.xcassets in Resources */,
				96F9FB3A2040775300F12C27 /* Main.storyboard in Resources */,
			);
			runOnlyForDeploymentPostprocessing = 0;
		};
		96F9FB462040775300F12C27 /* Resources */ = {
			isa = PBXResourcesBuildPhase;
			buildActionMask = 2147483647;
			files = (
			);
			runOnlyForDeploymentPostprocessing = 0;
		};
/* End PBXResourcesBuildPhase section */

/* Begin PBXShellScriptBuildPhase section */
		14BFE1FFB94DA8AA047BC1D2 /* [CP] Copy Pods Resources */ = {
			isa = PBXShellScriptBuildPhase;
			buildActionMask = 2147483647;
			files = (
			);
			inputPaths = (
			);
			name = "[CP] Copy Pods Resources";
			outputPaths = (
			);
			runOnlyForDeploymentPostprocessing = 0;
			shellPath = /bin/sh;
			shellScript = "\"${SRCROOT}/Pods/Target Support Files/Pods-WeddingPartyTests/Pods-WeddingPartyTests-resources.sh\"\n";
			showEnvVarsInLog = 0;
		};
		4DA7A05385EBDAA2D86A7545 /* [CP] Check Pods Manifest.lock */ = {
			isa = PBXShellScriptBuildPhase;
			buildActionMask = 2147483647;
			files = (
			);
			inputPaths = (
				"${PODS_PODFILE_DIR_PATH}/Podfile.lock",
				"${PODS_ROOT}/Manifest.lock",
			);
			name = "[CP] Check Pods Manifest.lock";
			outputPaths = (
				"$(DERIVED_FILE_DIR)/Pods-WeddingParty-checkManifestLockResult.txt",
			);
			runOnlyForDeploymentPostprocessing = 0;
			shellPath = /bin/sh;
			shellScript = "diff \"${PODS_PODFILE_DIR_PATH}/Podfile.lock\" \"${PODS_ROOT}/Manifest.lock\" > /dev/null\nif [ $? != 0 ] ; then\n    # print error to STDERR\n    echo \"error: The sandbox is not in sync with the Podfile.lock. Run 'pod install' or update your CocoaPods installation.\" >&2\n    exit 1\nfi\n# This output is used by Xcode 'outputs' to avoid re-running this script phase.\necho \"SUCCESS\" > \"${SCRIPT_OUTPUT_FILE_0}\"\n";
			showEnvVarsInLog = 0;
		};
		857BECA54C7455A572BDD77A /* [CP] Embed Pods Frameworks */ = {
			isa = PBXShellScriptBuildPhase;
			buildActionMask = 2147483647;
			files = (
			);
			inputPaths = (
			);
			name = "[CP] Embed Pods Frameworks";
			outputPaths = (
			);
			runOnlyForDeploymentPostprocessing = 0;
			shellPath = /bin/sh;
			shellScript = "\"${SRCROOT}/Pods/Target Support Files/Pods-WeddingPartyTests/Pods-WeddingPartyTests-frameworks.sh\"\n";
			showEnvVarsInLog = 0;
		};
		91D0DE71564AB787CF6173F3 /* [CP] Copy Pods Resources */ = {
			isa = PBXShellScriptBuildPhase;
			buildActionMask = 2147483647;
			files = (
			);
			inputPaths = (
			);
			name = "[CP] Copy Pods Resources";
			outputPaths = (
			);
			runOnlyForDeploymentPostprocessing = 0;
			shellPath = /bin/sh;
			shellScript = "\"${SRCROOT}/Pods/Target Support Files/Pods-WeddingParty/Pods-WeddingParty-resources.sh\"\n";
			showEnvVarsInLog = 0;
		};
		C3E13FDFE47A08BCBC8E8D10 /* [CP] Check Pods Manifest.lock */ = {
			isa = PBXShellScriptBuildPhase;
			buildActionMask = 2147483647;
			files = (
			);
			inputPaths = (
				"${PODS_PODFILE_DIR_PATH}/Podfile.lock",
				"${PODS_ROOT}/Manifest.lock",
			);
			name = "[CP] Check Pods Manifest.lock";
			outputPaths = (
				"$(DERIVED_FILE_DIR)/Pods-WeddingPartyTests-checkManifestLockResult.txt",
			);
			runOnlyForDeploymentPostprocessing = 0;
			shellPath = /bin/sh;
			shellScript = "diff \"${PODS_PODFILE_DIR_PATH}/Podfile.lock\" \"${PODS_ROOT}/Manifest.lock\" > /dev/null\nif [ $? != 0 ] ; then\n    # print error to STDERR\n    echo \"error: The sandbox is not in sync with the Podfile.lock. Run 'pod install' or update your CocoaPods installation.\" >&2\n    exit 1\nfi\n# This output is used by Xcode 'outputs' to avoid re-running this script phase.\necho \"SUCCESS\" > \"${SCRIPT_OUTPUT_FILE_0}\"\n";
			showEnvVarsInLog = 0;
		};
		CF1DC45DA7056F17D49D6311 /* [CP] Embed Pods Frameworks */ = {
			isa = PBXShellScriptBuildPhase;
			buildActionMask = 2147483647;
			files = (
			);
			inputPaths = (
				"${SRCROOT}/Pods/Target Support Files/Pods-WeddingParty/Pods-WeddingParty-frameworks.sh",
				"${BUILT_PRODUCTS_DIR}/GTMSessionFetcher/GTMSessionFetcher.framework",
				"${BUILT_PRODUCTS_DIR}/GoogleToolboxForMac/GoogleToolboxForMac.framework",
				"${BUILT_PRODUCTS_DIR}/nanopb/nanopb.framework",
			);
			name = "[CP] Embed Pods Frameworks";
			outputPaths = (
				"${TARGET_BUILD_DIR}/${FRAMEWORKS_FOLDER_PATH}/GTMSessionFetcher.framework",
				"${TARGET_BUILD_DIR}/${FRAMEWORKS_FOLDER_PATH}/GoogleToolboxForMac.framework",
				"${TARGET_BUILD_DIR}/${FRAMEWORKS_FOLDER_PATH}/nanopb.framework",
			);
			runOnlyForDeploymentPostprocessing = 0;
			shellPath = /bin/sh;
			shellScript = "\"${SRCROOT}/Pods/Target Support Files/Pods-WeddingParty/Pods-WeddingParty-frameworks.sh\"\n";
			showEnvVarsInLog = 0;
		};
/* End PBXShellScriptBuildPhase section */

/* Begin PBXSourcesBuildPhase section */
		96F9FB2D2040775300F12C27 /* Sources */ = {
			isa = PBXSourcesBuildPhase;
			buildActionMask = 2147483647;
			files = (
				96F9FB5A204085B200F12C27 /* InitialViewController.swift in Sources */,
				96F9FB3D2040775300F12C27 /* WeddingParty.xcdatamodeld in Sources */,
				96F9FB352040775300F12C27 /* AppDelegate.swift in Sources */,
				96F9FB5F20408C5B00F12C27 /* LoginViewController.swift in Sources */,
				96F9FB5D204086DB00F12C27 /* MenuViewController.swift in Sources */,
				96F9FB612040913900F12C27 /* RoundedWhiteButton.swift in Sources */,
			);
			runOnlyForDeploymentPostprocessing = 0;
		};
		96F9FB442040775300F12C27 /* Sources */ = {
			isa = PBXSourcesBuildPhase;
			buildActionMask = 2147483647;
			files = (
				96F9FB4D2040775300F12C27 /* WeddingPartyTests.swift in Sources */,
			);
			runOnlyForDeploymentPostprocessing = 0;
		};
/* End PBXSourcesBuildPhase section */

/* Begin PBXTargetDependency section */
		96F9FB4A2040775300F12C27 /* PBXTargetDependency */ = {
			isa = PBXTargetDependency;
			target = 96F9FB302040775300F12C27 /* WeddingParty */;
			targetProxy = 96F9FB492040775300F12C27 /* PBXContainerItemProxy */;
		};
/* End PBXTargetDependency section */

/* Begin PBXVariantGroup section */
		96F9FB382040775300F12C27 /* Main.storyboard */ = {
			isa = PBXVariantGroup;
			children = (
				96F9FB392040775300F12C27 /* Base */,
			);
			name = Main.storyboard;
			sourceTree = "<group>";
		};
		96F9FB402040775300F12C27 /* LaunchScreen.storyboard */ = {
			isa = PBXVariantGroup;
			children = (
				96F9FB412040775300F12C27 /* Base */,
			);
			name = LaunchScreen.storyboard;
			sourceTree = "<group>";
		};
/* End PBXVariantGroup section */

/* Begin XCBuildConfiguration section */
		96F9FB4F2040775300F12C27 /* Debug */ = {
			isa = XCBuildConfiguration;
			buildSettings = {
				ALWAYS_SEARCH_USER_PATHS = NO;
				CLANG_ANALYZER_NONNULL = YES;
				CLANG_ANALYZER_NUMBER_OBJECT_CONVERSION = YES_AGGRESSIVE;
				CLANG_CXX_LANGUAGE_STANDARD = "gnu++14";
				CLANG_CXX_LIBRARY = "libc++";
				CLANG_ENABLE_MODULES = YES;
				CLANG_ENABLE_OBJC_ARC = YES;
				CLANG_WARN_BLOCK_CAPTURE_AUTORELEASING = YES;
				CLANG_WARN_BOOL_CONVERSION = YES;
				CLANG_WARN_COMMA = YES;
				CLANG_WARN_CONSTANT_CONVERSION = YES;
				CLANG_WARN_DIRECT_OBJC_ISA_USAGE = YES_ERROR;
				CLANG_WARN_DOCUMENTATION_COMMENTS = YES;
				CLANG_WARN_EMPTY_BODY = YES;
				CLANG_WARN_ENUM_CONVERSION = YES;
				CLANG_WARN_INFINITE_RECURSION = YES;
				CLANG_WARN_INT_CONVERSION = YES;
				CLANG_WARN_NON_LITERAL_NULL_CONVERSION = YES;
				CLANG_WARN_OBJC_LITERAL_CONVERSION = YES;
				CLANG_WARN_OBJC_ROOT_CLASS = YES_ERROR;
				CLANG_WARN_RANGE_LOOP_ANALYSIS = YES;
				CLANG_WARN_STRICT_PROTOTYPES = YES;
				CLANG_WARN_SUSPICIOUS_MOVE = YES;
				CLANG_WARN_UNGUARDED_AVAILABILITY = YES_AGGRESSIVE;
				CLANG_WARN_UNREACHABLE_CODE = YES;
				CLANG_WARN__DUPLICATE_METHOD_MATCH = YES;
				CODE_SIGN_IDENTITY = "iPhone Developer";
				COPY_PHASE_STRIP = NO;
				DEBUG_INFORMATION_FORMAT = dwarf;
				ENABLE_STRICT_OBJC_MSGSEND = YES;
				ENABLE_TESTABILITY = YES;
				GCC_C_LANGUAGE_STANDARD = gnu11;
				GCC_DYNAMIC_NO_PIC = NO;
				GCC_NO_COMMON_BLOCKS = YES;
				GCC_OPTIMIZATION_LEVEL = 0;
				GCC_PREPROCESSOR_DEFINITIONS = (
					"DEBUG=1",
					"$(inherited)",
				);
				GCC_WARN_64_TO_32_BIT_CONVERSION = YES;
				GCC_WARN_ABOUT_RETURN_TYPE = YES_ERROR;
				GCC_WARN_UNDECLARED_SELECTOR = YES;
				GCC_WARN_UNINITIALIZED_AUTOS = YES_AGGRESSIVE;
				GCC_WARN_UNUSED_FUNCTION = YES;
				GCC_WARN_UNUSED_VARIABLE = YES;
				IPHONEOS_DEPLOYMENT_TARGET = 11.2;
				MTL_ENABLE_DEBUG_INFO = YES;
				ONLY_ACTIVE_ARCH = YES;
				SDKROOT = iphoneos;
				SWIFT_ACTIVE_COMPILATION_CONDITIONS = DEBUG;
				SWIFT_OPTIMIZATION_LEVEL = "-Onone";
			};
			name = Debug;
		};
		96F9FB502040775300F12C27 /* Release */ = {
			isa = XCBuildConfiguration;
			buildSettings = {
				ALWAYS_SEARCH_USER_PATHS = NO;
				CLANG_ANALYZER_NONNULL = YES;
				CLANG_ANALYZER_NUMBER_OBJECT_CONVERSION = YES_AGGRESSIVE;
				CLANG_CXX_LANGUAGE_STANDARD = "gnu++14";
				CLANG_CXX_LIBRARY = "libc++";
				CLANG_ENABLE_MODULES = YES;
				CLANG_ENABLE_OBJC_ARC = YES;
				CLANG_WARN_BLOCK_CAPTURE_AUTORELEASING = YES;
				CLANG_WARN_BOOL_CONVERSION = YES;
				CLANG_WARN_COMMA = YES;
				CLANG_WARN_CONSTANT_CONVERSION = YES;
				CLANG_WARN_DIRECT_OBJC_ISA_USAGE = YES_ERROR;
				CLANG_WARN_DOCUMENTATION_COMMENTS = YES;
				CLANG_WARN_EMPTY_BODY = YES;
				CLANG_WARN_ENUM_CONVERSION = YES;
				CLANG_WARN_INFINITE_RECURSION = YES;
				CLANG_WARN_INT_CONVERSION = YES;
				CLANG_WARN_NON_LITERAL_NULL_CONVERSION = YES;
				CLANG_WARN_OBJC_LITERAL_CONVERSION = YES;
				CLANG_WARN_OBJC_ROOT_CLASS = YES_ERROR;
				CLANG_WARN_RANGE_LOOP_ANALYSIS = YES;
				CLANG_WARN_STRICT_PROTOTYPES = YES;
				CLANG_WARN_SUSPICIOUS_MOVE = YES;
				CLANG_WARN_UNGUARDED_AVAILABILITY = YES_AGGRESSIVE;
				CLANG_WARN_UNREACHABLE_CODE = YES;
				CLANG_WARN__DUPLICATE_METHOD_MATCH = YES;
				CODE_SIGN_IDENTITY = "iPhone Developer";
				COPY_PHASE_STRIP = NO;
				DEBUG_INFORMATION_FORMAT = "dwarf-with-dsym";
				ENABLE_NS_ASSERTIONS = NO;
				ENABLE_STRICT_OBJC_MSGSEND = YES;
				GCC_C_LANGUAGE_STANDARD = gnu11;
				GCC_NO_COMMON_BLOCKS = YES;
				GCC_WARN_64_TO_32_BIT_CONVERSION = YES;
				GCC_WARN_ABOUT_RETURN_TYPE = YES_ERROR;
				GCC_WARN_UNDECLARED_SELECTOR = YES;
				GCC_WARN_UNINITIALIZED_AUTOS = YES_AGGRESSIVE;
				GCC_WARN_UNUSED_FUNCTION = YES;
				GCC_WARN_UNUSED_VARIABLE = YES;
				IPHONEOS_DEPLOYMENT_TARGET = 11.2;
				MTL_ENABLE_DEBUG_INFO = NO;
				SDKROOT = iphoneos;
				SWIFT_OPTIMIZATION_LEVEL = "-Owholemodule";
				VALIDATE_PRODUCT = YES;
			};
			name = Release;
		};
		96F9FB522040775300F12C27 /* Debug */ = {
			isa = XCBuildConfiguration;
			baseConfigurationReference = 704718C4FCD59FA7A467D724 /* Pods-WeddingParty.debug.xcconfig */;
			buildSettings = {
				ASSETCATALOG_COMPILER_APPICON_NAME = AppIcon;
				CODE_SIGN_STYLE = Automatic;
				DEVELOPMENT_TEAM = K8HU92W3ZM;
				INFOPLIST_FILE = WeddingParty/Info.plist;
				LD_RUNPATH_SEARCH_PATHS = "$(inherited) @executable_path/Frameworks";
				PRODUCT_BUNDLE_IDENTIFIER = com.laurennicoleroth.WeddingParty;
				PRODUCT_NAME = "$(TARGET_NAME)";
				SWIFT_VERSION = 4.0;
				TARGETED_DEVICE_FAMILY = "1,2";
			};
			name = Debug;
		};
		96F9FB532040775300F12C27 /* Release */ = {
			isa = XCBuildConfiguration;
			baseConfigurationReference = A87FBAFB4636B17A30F4E856 /* Pods-WeddingParty.release.xcconfig */;
			buildSettings = {
				ASSETCATALOG_COMPILER_APPICON_NAME = AppIcon;
				CODE_SIGN_STYLE = Automatic;
				DEVELOPMENT_TEAM = K8HU92W3ZM;
				INFOPLIST_FILE = WeddingParty/Info.plist;
				LD_RUNPATH_SEARCH_PATHS = "$(inherited) @executable_path/Frameworks";
				PRODUCT_BUNDLE_IDENTIFIER = com.laurennicoleroth.WeddingParty;
				PRODUCT_NAME = "$(TARGET_NAME)";
				SWIFT_VERSION = 4.0;
				TARGETED_DEVICE_FAMILY = "1,2";
			};
			name = Release;
		};
		96F9FB552040775300F12C27 /* Debug */ = {
			isa = XCBuildConfiguration;
			baseConfigurationReference = 75839940F4F46BC41314DB31 /* Pods-WeddingPartyTests.debug.xcconfig */;
			buildSettings = {
				ALWAYS_EMBED_SWIFT_STANDARD_LIBRARIES = YES;
				BUNDLE_LOADER = "$(TEST_HOST)";
				CODE_SIGN_STYLE = Automatic;
				DEVELOPMENT_TEAM = K8HU92W3ZM;
				INFOPLIST_FILE = WeddingPartyTests/Info.plist;
				LD_RUNPATH_SEARCH_PATHS = "$(inherited) @executable_path/Frameworks @loader_path/Frameworks";
				PRODUCT_BUNDLE_IDENTIFIER = com.laurennicoleroth.WeddingPartyTests;
				PRODUCT_NAME = "$(TARGET_NAME)";
				SWIFT_VERSION = 4.0;
				TARGETED_DEVICE_FAMILY = "1,2";
				TEST_HOST = "$(BUILT_PRODUCTS_DIR)/WeddingParty.app/WeddingParty";
			};
			name = Debug;
		};
		96F9FB562040775300F12C27 /* Release */ = {
			isa = XCBuildConfiguration;
			baseConfigurationReference = 674090CF15815E3AAD288A6E /* Pods-WeddingPartyTests.release.xcconfig */;
			buildSettings = {
				ALWAYS_EMBED_SWIFT_STANDARD_LIBRARIES = YES;
				BUNDLE_LOADER = "$(TEST_HOST)";
				CODE_SIGN_STYLE = Automatic;
				DEVELOPMENT_TEAM = K8HU92W3ZM;
				INFOPLIST_FILE = WeddingPartyTests/Info.plist;
				LD_RUNPATH_SEARCH_PATHS = "$(inherited) @executable_path/Frameworks @loader_path/Frameworks";
				PRODUCT_BUNDLE_IDENTIFIER = com.laurennicoleroth.WeddingPartyTests;
				PRODUCT_NAME = "$(TARGET_NAME)";
				SWIFT_VERSION = 4.0;
				TARGETED_DEVICE_FAMILY = "1,2";
				TEST_HOST = "$(BUILT_PRODUCTS_DIR)/WeddingParty.app/WeddingParty";
			};
			name = Release;
		};
/* End XCBuildConfiguration section */

/* Begin XCConfigurationList section */
		96F9FB2C2040775300F12C27 /* Build configuration list for PBXProject "WeddingParty" */ = {
			isa = XCConfigurationList;
			buildConfigurations = (
				96F9FB4F2040775300F12C27 /* Debug */,
				96F9FB502040775300F12C27 /* Release */,
			);
			defaultConfigurationIsVisible = 0;
			defaultConfigurationName = Release;
		};
		96F9FB512040775300F12C27 /* Build configuration list for PBXNativeTarget "WeddingParty" */ = {
			isa = XCConfigurationList;
			buildConfigurations = (
				96F9FB522040775300F12C27 /* Debug */,
				96F9FB532040775300F12C27 /* Release */,
			);
			defaultConfigurationIsVisible = 0;
			defaultConfigurationName = Release;
		};
		96F9FB542040775300F12C27 /* Build configuration list for PBXNativeTarget "WeddingPartyTests" */ = {
			isa = XCConfigurationList;
			buildConfigurations = (
				96F9FB552040775300F12C27 /* Debug */,
				96F9FB562040775300F12C27 /* Release */,
			);
			defaultConfigurationIsVisible = 0;
			defaultConfigurationName = Release;
		};
/* End XCConfigurationList section */

/* Begin XCVersionGroup section */
		96F9FB3B2040775300F12C27 /* WeddingParty.xcdatamodeld */ = {
			isa = XCVersionGroup;
			children = (
				96F9FB3C2040775300F12C27 /* WeddingParty.xcdatamodel */,
			);
			currentVersion = 96F9FB3C2040775300F12C27 /* WeddingParty.xcdatamodel */;
			path = WeddingParty.xcdatamodeld;
			sourceTree = "<group>";
			versionGroupType = wrapper.xcdatamodel;
		};
/* End XCVersionGroup section */
	};
	rootObject = 96F9FB292040775300F12C27 /* Project object */;
}
